
Microsoft Visual Studio Solution File, Format Version 12.00
# Visual Studio Version 17
VisualStudioVersion = 17.12.35707.178 d17.12
MinimumVisualStudioVersion = 10.0.40219.1
Project("{FAE04EC0-301F-11D3-BF4B-00C04F79EFBC}") = "ybs-hafta-2", "ybs-hafta-2\ybs-hafta-2.csproj", "{258EA177-72B6-409E-AE60-B19CD739F44B}"
EndProject
Global
	GlobalSection(SolutionConfigurationPlatforms) = preSolution
		Debug|Any CPU = Debug|Any CPU
		Release|Any CPU = Release|Any CPU
	EndGlobalSection
	GlobalSection(ProjectConfigurationPlatforms) = postSolution
		{258EA177-72B6-409E-AE60-B19CD739F44B}.Debug|Any CPU.ActiveCfg = Debug|Any CPU
		{258EA177-72B6-409E-AE60-B19CD739F44B}.Debug|Any CPU.Build.0 = Debug|Any CPU
		{258EA177-72B6-409E-AE60-B19CD739F44B}.Release|Any CPU.ActiveCfg = Release|Any CPU
		{258EA177-72B6-409E-AE60-B19CD739F44B}.Release|Any CPU.Build.0 = Release|Any CPU
	EndGlobalSection
	GlobalSection(SolutionProperties) = preSolution
		HideSolutionNode = FALSE
	EndGlobalSection
EndGlobal
